
Microsoft Visual Studio Solution File, Format Version 12.00
# Visual Studio Version 17
VisualStudioVersion = 17.6.33815.320
MinimumVisualStudioVersion = 10.0.40219.1
Project("{FAE04EC0-301F-11D3-BF4B-00C04F79EFBC}") = "Interface Segregation Principle", "Interface Segregation Principle\Interface Segregation Principle.csproj", "{E9DCA752-DDF2-4B4A-9095-BDE852DCE673}"
EndProject
Global
	GlobalSection(SolutionConfigurationPlatforms) = preSolution
		Debug|Any CPU = Debug|Any CPU
		Release|Any CPU = Release|Any CPU
	EndGlobalSection
	GlobalSection(ProjectConfigurationPlatforms) = postSolution
		{E9DCA752-DDF2-4B4A-9095-BDE852DCE673}.Debug|Any CPU.ActiveCfg = Debug|Any CPU
		{E9DCA752-DDF2-4B4A-9095-BDE852DCE673}.Debug|Any CPU.Build.0 = Debug|Any CPU
		{E9DCA752-DDF2-4B4A-9095-BDE852DCE673}.Release|Any CPU.ActiveCfg = Release|Any CPU
		{E9DCA752-DDF2-4B4A-9095-BDE852DCE673}.Release|Any CPU.Build.0 = Release|Any CPU
	EndGlobalSection
	GlobalSection(SolutionProperties) = preSolution
		HideSolutionNode = FALSE
	EndGlobalSection
	GlobalSection(ExtensibilityGlobals) = postSolution
		SolutionGuid = {13227FAE-1CC2-4DE0-BF5F-8E74C5B64A8C}
	EndGlobalSection
EndGlobal
