
Microsoft Visual Studio Solution File, Format Version 12.00
# Visual Studio Version 17
VisualStudioVersion = 17.4.33122.133
MinimumVisualStudioVersion = 10.0.40219.1
Project("{FAE04EC0-301F-11D3-BF4B-00C04F79EFBC}") = "MediatR Intro", "MediatR Intro.csproj", "{7E6BE265-7445-4749-B7BB-0459C9BDE8BD}"
EndProject
Project("{FAE04EC0-301F-11D3-BF4B-00C04F79EFBC}") = "DemoLibrary", "..\DemoLibrary\DemoLibrary.csproj", "{6454C368-2A0F-475A-AE32-B50FB4286369}"
EndProject
Global
	GlobalSection(SolutionConfigurationPlatforms) = preSolution
		Debug|Any CPU = Debug|Any CPU
		Release|Any CPU = Release|Any CPU
	EndGlobalSection
	GlobalSection(ProjectConfigurationPlatforms) = postSolution
		{7E6BE265-7445-4749-B7BB-0459C9BDE8BD}.Debug|Any CPU.ActiveCfg = Debug|Any CPU
		{7E6BE265-7445-4749-B7BB-0459C9BDE8BD}.Debug|Any CPU.Build.0 = Debug|Any CPU
		{7E6BE265-7445-4749-B7BB-0459C9BDE8BD}.Release|Any CPU.ActiveCfg = Release|Any CPU
		{7E6BE265-7445-4749-B7BB-0459C9BDE8BD}.Release|Any CPU.Build.0 = Release|Any CPU
		{6454C368-2A0F-475A-AE32-B50FB4286369}.Debug|Any CPU.ActiveCfg = Debug|Any CPU
		{6454C368-2A0F-475A-AE32-B50FB4286369}.Debug|Any CPU.Build.0 = Debug|Any CPU
		{6454C368-2A0F-475A-AE32-B50FB4286369}.Release|Any CPU.ActiveCfg = Release|Any CPU
		{6454C368-2A0F-475A-AE32-B50FB4286369}.Release|Any CPU.Build.0 = Release|Any CPU
	EndGlobalSection
	GlobalSection(SolutionProperties) = preSolution
		HideSolutionNode = FALSE
	EndGlobalSection
	GlobalSection(ExtensibilityGlobals) = postSolution
		SolutionGuid = {4B7FBB66-88EC-45B0-9A81-4E06EC7FEF27}
	EndGlobalSection
EndGlobal
